
Microsoft Visual Studio Solution File, Format Version 12.00
Project("{FAE04EC0-301F-11D3-BF4B-00C04F79EFBC}") = "QFunc.Api", "QFunc.Api\QFunc.Api.csproj", "{6B617B05-F931-48E0-A9E3-7B4BF6E7B15E}"
EndProject
Project("{FAE04EC0-301F-11D3-BF4B-00C04F79EFBC}") = "QFunc.Domain", "QFunc.Domain\QFunc.Domain.csproj", "{D7703219-FA98-4AD8-AF97-66D732CB948D}"
EndProject
Project("{FAE04EC0-301F-11D3-BF4B-00C04F79EFBC}") = "QFunc.Application", "QFunc.Application\QFunc.Application.csproj", "{026D1E6B-4AE6-42DA-8DE1-768912D153B2}"
EndProject
Project("{FAE04EC0-301F-11D3-BF4B-00C04F79EFBC}") = "QFunc.Contracts", "QFunc.Contracts\QFunc.Contracts.csproj", "{D5A61A59-9726-4D65-82E4-4E5278D9D028}"
EndProject
Project("{FAE04EC0-301F-11D3-BF4B-00C04F79EFBC}") = "QFunc.Infrastructure", "QFunc.Infrastructure\QFunc.Infrastructure.csproj", "{5D79815F-1325-4B60-90B1-FE3BD31CD9F2}"
EndProject
Global
	GlobalSection(SolutionConfigurationPlatforms) = preSolution
		Debug|Any CPU = Debug|Any CPU
		Release|Any CPU = Release|Any CPU
	EndGlobalSection
	GlobalSection(ProjectConfigurationPlatforms) = postSolution
		{6B617B05-F931-48E0-A9E3-7B4BF6E7B15E}.Debug|Any CPU.ActiveCfg = Debug|Any CPU
		{6B617B05-F931-48E0-A9E3-7B4BF6E7B15E}.Debug|Any CPU.Build.0 = Debug|Any CPU
		{6B617B05-F931-48E0-A9E3-7B4BF6E7B15E}.Release|Any CPU.ActiveCfg = Release|Any CPU
		{6B617B05-F931-48E0-A9E3-7B4BF6E7B15E}.Release|Any CPU.Build.0 = Release|Any CPU
		{D7703219-FA98-4AD8-AF97-66D732CB948D}.Debug|Any CPU.ActiveCfg = Debug|Any CPU
		{D7703219-FA98-4AD8-AF97-66D732CB948D}.Debug|Any CPU.Build.0 = Debug|Any CPU
		{D7703219-FA98-4AD8-AF97-66D732CB948D}.Release|Any CPU.ActiveCfg = Release|Any CPU
		{D7703219-FA98-4AD8-AF97-66D732CB948D}.Release|Any CPU.Build.0 = Release|Any CPU
		{026D1E6B-4AE6-42DA-8DE1-768912D153B2}.Debug|Any CPU.ActiveCfg = Debug|Any CPU
		{026D1E6B-4AE6-42DA-8DE1-768912D153B2}.Debug|Any CPU.Build.0 = Debug|Any CPU
		{026D1E6B-4AE6-42DA-8DE1-768912D153B2}.Release|Any CPU.ActiveCfg = Release|Any CPU
		{026D1E6B-4AE6-42DA-8DE1-768912D153B2}.Release|Any CPU.Build.0 = Release|Any CPU
		{D5A61A59-9726-4D65-82E4-4E5278D9D028}.Debug|Any CPU.ActiveCfg = Debug|Any CPU
		{D5A61A59-9726-4D65-82E4-4E5278D9D028}.Debug|Any CPU.Build.0 = Debug|Any CPU
		{D5A61A59-9726-4D65-82E4-4E5278D9D028}.Release|Any CPU.ActiveCfg = Release|Any CPU
		{D5A61A59-9726-4D65-82E4-4E5278D9D028}.Release|Any CPU.Build.0 = Release|Any CPU
		{5D79815F-1325-4B60-90B1-FE3BD31CD9F2}.Debug|Any CPU.ActiveCfg = Debug|Any CPU
		{5D79815F-1325-4B60-90B1-FE3BD31CD9F2}.Debug|Any CPU.Build.0 = Debug|Any CPU
		{5D79815F-1325-4B60-90B1-FE3BD31CD9F2}.Release|Any CPU.ActiveCfg = Release|Any CPU
		{5D79815F-1325-4B60-90B1-FE3BD31CD9F2}.Release|Any CPU.Build.0 = Release|Any CPU
	EndGlobalSection
EndGlobal
